github.com/matthewhartstonge/argon2 v0.2.1 h1:DFzhPfXcKv4T/ITjoTtEDE/WP1G2eutQBntAzKPtXtc=
github.com/matthewhartstonge/argon2 v0.2.1/go.mod h1:k3jqoN+y0w9Z6uJxIKiJDveAMDUaIBJkC/M2m37q6VM=
github.com/matthewhartstonge/argon2 v1.0.0 h1:e65fkae6O8Na6YTy2HAccUbXR+GQHOnpQxeWGqWCRIw=
github.com/matthewhartstonge/argon2 v1.0.0/go.mod h1:Fm4FHZxdxCM6hg21Jkz3YZVKnU7VnTlqDQ3ghS/Myok=
golang.org/x/crypto v0.0.0-20220214200702-86341886e292 h1:f+lwQ+GtmgoY+A2YaQxlSOnDjXcQ7ZRLWOHbC6HtRqE=
golang.org/x/crypto v0.0.0-20220214200702-86341886e292/go.mod h1:IxCIyHEi3zRg3s0A5j5BB6A9Jmi73HwBIUl50j+osU4=
golang.org/x/crypto v0.21.0 h1:X31++rzVUdKhX5sWmSOFZxx8UW/ldWx55cbf08iNAMA=
golang.org/x/crypto v0.21.0/go.mod h1:0BP7YvVV9gBbVKyeTG0Gyn+gZm94bibOW5BjDEYAOMs=
golang.org/x/sys v0.0.0-20220222160653-b146bcec3beb h1:Ilbx3DBAwVTR3lKQBhB5046dy7jic04dBpmG4fW/ru0=
golang.org/x/sys v0.0.0-20220222160653-b146bcec3beb/go.mod h1:oPkhp1MJrh7nUepCBck5+mAzfO9JrbApNNgaTdGDITg=
golang.org/x/sys v0.18.0 h1:DBdB3niSjOA/O0blCZBqDefyWNYveAYMNF1Wum0DYQ4=
golang.org/x/sys v0.18.0/go.mod h1:/VUhepiaJMQUp4+oa/7Zr1D23ma6VTLIYjOOTFZPUcA=
